// !$*UTF8*$!
{
	archiveVersion = 1;
	classes = {
	};
	objectVersion = 56;
	objects = {

/* Begin PBXBuildFile section */
		6422E0582965A9C70085525A /* wishSayingModel.swift in Sources */ = {isa = PBXBuildFile; fileRef = 6422E0572965A9C70085525A /* wishSayingModel.swift */; };
		6422E05B2965ABB70085525A /* utils.swift in Sources */ = {isa = PBXBuildFile; fileRef = 6422E05A2965ABB70085525A /* utils.swift */; };
		6460A01A29610D4C00260802 /* AppDelegate.swift in Sources */ = {isa = PBXBuildFile; fileRef = 6460A01929610D4C00260802 /* AppDelegate.swift */; };
		6460A01C29610D4C00260802 /* SceneDelegate.swift in Sources */ = {isa = PBXBuildFile; fileRef = 6460A01B29610D4C00260802 /* SceneDelegate.swift */; };
		6460A01E29610D4C00260802 /* ViewController.swift in Sources */ = {isa = PBXBuildFile; fileRef = 6460A01D29610D4C00260802 /* ViewController.swift */; };
		6460A02129610D4C00260802 /* Main.storyboard in Resources */ = {isa = PBXBuildFile; fileRef = 6460A01F29610D4C00260802 /* Main.storyboard */; };
		6460A02429610D4C00260802 /* wiseSaying.xcdatamodeld in Sources */ = {isa = PBXBuildFile; fileRef = 6460A02229610D4C00260802 /* wiseSaying.xcdatamodeld */; };
		6460A02629610D4D00260802 /* Assets.xcassets in Resources */ = {isa = PBXBuildFile; fileRef = 6460A02529610D4D00260802 /* Assets.xcassets */; };
		6460A02929610D4D00260802 /* LaunchScreen.storyboard in Resources */ = {isa = PBXBuildFile; fileRef = 6460A02729610D4D00260802 /* LaunchScreen.storyboard */; };
		6460A03429610D4D00260802 /* wiseSayingTests.swift in Sources */ = {isa = PBXBuildFile; fileRef = 6460A03329610D4D00260802 /* wiseSayingTests.swift */; };
		6460A03E29610D4D00260802 /* wiseSayingUITests.swift in Sources */ = {isa = PBXBuildFile; fileRef = 6460A03D29610D4D00260802 /* wiseSayingUITests.swift */; };
		6460A04029610D4D00260802 /* wiseSayingUITestsLaunchTests.swift in Sources */ = {isa = PBXBuildFile; fileRef = 6460A03F29610D4D00260802 /* wiseSayingUITestsLaunchTests.swift */; };
		64D52E1D296451CC00CFB0AC /* wishSayingTableViewCell.swift in Sources */ = {isa = PBXBuildFile; fileRef = 64D52E1C296451CC00CFB0AC /* wishSayingTableViewCell.swift */; };
		64D52E1F296455C100CFB0AC /* detailWiseSayingViewController.swift in Sources */ = {isa = PBXBuildFile; fileRef = 64D52E1E296455C100CFB0AC /* detailWiseSayingViewController.swift */; };
/* End PBXBuildFile section */

/* Begin PBXContainerItemProxy section */
		6460A03029610D4D00260802 /* PBXContainerItemProxy */ = {
			isa = PBXContainerItemProxy;
			containerPortal = 6460A00E29610D4C00260802 /* Project object */;
			proxyType = 1;
			remoteGlobalIDString = 6460A01529610D4C00260802;
			remoteInfo = wiseSaying;
		};
		6460A03A29610D4D00260802 /* PBXContainerItemProxy */ = {
			isa = PBXContainerItemProxy;
			containerPortal = 6460A00E29610D4C00260802 /* Project object */;
			proxyType = 1;
			remoteGlobalIDString = 6460A01529610D4C00260802;
			remoteInfo = wiseSaying;
		};
/* End PBXContainerItemProxy section */

/* Begin PBXFileReference section */
		6422E0572965A9C70085525A /* wishSayingModel.swift */ = {isa = PBXFileReference; lastKnownFileType = sourcecode.swift; path = wishSayingModel.swift; sourceTree = "<group>"; };
		6422E05A2965ABB70085525A /* utils.swift */ = {isa = PBXFileReference; lastKnownFileType = sourcecode.swift; path = utils.swift; sourceTree = "<group>"; };
		6460A01629610D4C00260802 /* wiseSaying.app */ = {isa = PBXFileReference; explicitFileType = wrapper.application; includeInIndex = 0; path = wiseSaying.app; sourceTree = BUILT_PRODUCTS_DIR; };
		6460A01929610D4C00260802 /* AppDelegate.swift */ = {isa = PBXFileReference; lastKnownFileType = sourcecode.swift; path = AppDelegate.swift; sourceTree = "<group>"; };
		6460A01B29610D4C00260802 /* SceneDelegate.swift */ = {isa = PBXFileReference; lastKnownFileType = sourcecode.swift; path = SceneDelegate.swift; sourceTree = "<group>"; };
		6460A01D29610D4C00260802 /* ViewController.swift */ = {isa = PBXFileReference; lastKnownFileType = sourcecode.swift; path = ViewController.swift; sourceTree = "<group>"; };
		6460A02029610D4C00260802 /* Base */ = {isa = PBXFileReference; lastKnownFileType = file.storyboard; name = Base; path = Base.lproj/Main.storyboard; sourceTree = "<group>"; };
		6460A02329610D4C00260802 /* wiseSaying.xcdatamodel */ = {isa = PBXFileReference; lastKnownFileType = wrapper.xcdatamodel; path = wiseSaying.xcdatamodel; sourceTree = "<group>"; };
		6460A02529610D4D00260802 /* Assets.xcassets */ = {isa = PBXFileReference; lastKnownFileType = folder.assetcatalog; path = Assets.xcassets; sourceTree = "<group>"; };
		6460A02829610D4D00260802 /* Base */ = {isa = PBXFileReference; lastKnownFileType = file.storyboard; name = Base; path = Base.lproj/LaunchScreen.storyboard; sourceTree = "<group>"; };
		6460A02A29610D4D00260802 /* Info.plist */ = {isa = PBXFileReference; lastKnownFileType = text.plist.xml; path = Info.plist; sourceTree = "<group>"; };
		6460A02F29610D4D00260802 /* wiseSayingTests.xctest */ = {isa = PBXFileReference; explicitFileType = wrapper.cfbundle; includeInIndex = 0; path = wiseSayingTests.xctest; sourceTree = BUILT_PRODUCTS_DIR; };
		6460A03329610D4D00260802 /* wiseSayingTests.swift */ = {isa = PBXFileReference; lastKnownFileType = sourcecode.swift; path = wiseSayingTests.swift; sourceTree = "<group>"; };
		6460A03929610D4D00260802 /* wiseSayingUITests.xctest */ = {isa = PBXFileReference; explicitFileType = wrapper.cfbundle; includeInIndex = 0; path = wiseSayingUITests.xctest; sourceTree = BUILT_PRODUCTS_DIR; };
		6460A03D29610D4D00260802 /* wiseSayingUITests.swift */ = {isa = PBXFileReference; lastKnownFileType = sourcecode.swift; path = wiseSayingUITests.swift; sourceTree = "<group>"; };
		6460A03F29610D4D00260802 /* wiseSayingUITestsLaunchTests.swift */ = {isa = PBXFileReference; lastKnownFileType = sourcecode.swift; path = wiseSayingUITestsLaunchTests.swift; sourceTree = "<group>"; };
		64D52E1C296451CC00CFB0AC /* wishSayingTableViewCell.swift */ = {isa = PBXFileReference; lastKnownFileType = sourcecode.swift; path = wishSayingTableViewCell.swift; sourceTree = "<group>"; };
		64D52E1E296455C100CFB0AC /* detailWiseSayingViewController.swift */ = {isa = PBXFileReference; lastKnownFileType = sourcecode.swift; path = detailWiseSayingViewController.swift; sourceTree = "<group>"; };
/* End PBXFileReference section */

/* Begin PBXFrameworksBuildPhase section */
		6460A01329610D4C00260802 /* Frameworks */ = {
			isa = PBXFrameworksBuildPhase;
			buildActionMask = 2147483647;
			files = (
			);
			runOnlyForDeploymentPostprocessing = 0;
		};
		6460A02C29610D4D00260802 /* Frameworks */ = {
			isa = PBXFrameworksBuildPhase;
			buildActionMask = 2147483647;
			files = (
			);
			runOnlyForDeploymentPostprocessing = 0;
		};
		6460A03629610D4D00260802 /* Frameworks */ = {
			isa = PBXFrameworksBuildPhase;
			buildActionMask = 2147483647;
			files = (
			);
			runOnlyForDeploymentPostprocessing = 0;
		};
/* End PBXFrameworksBuildPhase section */

/* Begin PBXGroup section */
		6422E0592965ABA90085525A /* Util */ = {
			isa = PBXGroup;
			children = (
				6422E05A2965ABB70085525A /* utils.swift */,
			);
			path = Util;
			sourceTree = "<group>";
		};
		6460A00D29610D4C00260802 = {
			isa = PBXGroup;
			children = (
				6460A01829610D4C00260802 /* wiseSaying */,
				6460A03229610D4D00260802 /* wiseSayingTests */,
				6460A03C29610D4D00260802 /* wiseSayingUITests */,
				6460A01729610D4C00260802 /* Products */,
			);
			sourceTree = "<group>";
		};
		6460A01729610D4C00260802 /* Products */ = {
			isa = PBXGroup;
			children = (
				6460A01629610D4C00260802 /* wiseSaying.app */,
				6460A02F29610D4D00260802 /* wiseSayingTests.xctest */,
				6460A03929610D4D00260802 /* wiseSayingUITests.xctest */,
			);
			name = Products;
			sourceTree = "<group>";
		};
		6460A01829610D4C00260802 /* wiseSaying */ = {
			isa = PBXGroup;
			children = (
				6422E0592965ABA90085525A /* Util */,
				64D52E1B29644BEA00CFB0AC /* View */,
				64D52E1A29644BC600CFB0AC /* Controller */,
				64D52E1929644BBF00CFB0AC /* Model */,
				6460A01929610D4C00260802 /* AppDelegate.swift */,
				6460A01B29610D4C00260802 /* SceneDelegate.swift */,
				6460A02529610D4D00260802 /* Assets.xcassets */,
				6460A02229610D4C00260802 /* wiseSaying.xcdatamodeld */,
				6460A02A29610D4D00260802 /* Info.plist */,
			);
			path = wiseSaying;
			sourceTree = "<group>";
		};
		6460A03229610D4D00260802 /* wiseSayingTests */ = {
			isa = PBXGroup;
			children = (
				6460A03329610D4D00260802 /* wiseSayingTests.swift */,
			);
			path = wiseSayingTests;
			sourceTree = "<group>";
		};
		6460A03C29610D4D00260802 /* wiseSayingUITests */ = {
			isa = PBXGroup;
			children = (
				6460A03D29610D4D00260802 /* wiseSayingUITests.swift */,
				6460A03F29610D4D00260802 /* wiseSayingUITestsLaunchTests.swift */,
			);
			path = wiseSayingUITests;
			sourceTree = "<group>";
		};
		64D52E1929644BBF00CFB0AC /* Model */ = {
			isa = PBXGroup;
			children = (
				6422E0572965A9C70085525A /* wishSayingModel.swift */,
			);
			path = Model;
			sourceTree = "<group>";
		};
		64D52E1A29644BC600CFB0AC /* Controller */ = {
			isa = PBXGroup;
			children = (
				6460A01D29610D4C00260802 /* ViewController.swift */,
				64D52E1C296451CC00CFB0AC /* wishSayingTableViewCell.swift */,
				64D52E1E296455C100CFB0AC /* detailWiseSayingViewController.swift */,
			);
			path = Controller;
			sourceTree = "<group>";
		};
		64D52E1B29644BEA00CFB0AC /* View */ = {
			isa = PBXGroup;
			children = (
				6460A01F29610D4C00260802 /* Main.storyboard */,
				6460A02729610D4D00260802 /* LaunchScreen.storyboard */,
			);
			path = View;
			sourceTree = "<group>";
		};
/* End PBXGroup section */

/* Begin PBXNativeTarget section */
		6460A01529610D4C00260802 /* wiseSaying */ = {
			isa = PBXNativeTarget;
			buildConfigurationList = 6460A04329610D4D00260802 /* Build configuration list for PBXNativeTarget "wiseSaying" */;
			buildPhases = (
				6460A01229610D4C00260802 /* Sources */,
				6460A01329610D4C00260802 /* Frameworks */,
				6460A01429610D4C00260802 /* Resources */,
			);
			buildRules = (
			);
			dependencies = (
			);
			name = wiseSaying;
			productName = wiseSaying;
			productReference = 6460A01629610D4C00260802 /* wiseSaying.app */;
			productType = "com.apple.product-type.application";
		};
		6460A02E29610D4D00260802 /* wiseSayingTests */ = {
			isa = PBXNativeTarget;
			buildConfigurationList = 6460A04629610D4D00260802 /* Build configuration list for PBXNativeTarget "wiseSayingTests" */;
			buildPhases = (
				6460A02B29610D4D00260802 /* Sources */,
				6460A02C29610D4D00260802 /* Frameworks */,
				6460A02D29610D4D00260802 /* Resources */,
			);
			buildRules = (
			);
			dependencies = (
				6460A03129610D4D00260802 /* PBXTargetDependency */,
			);
			name = wiseSayingTests;
			productName = wiseSayingTests;
			productReference = 6460A02F29610D4D00260802 /* wiseSayingTests.xctest */;
			productType = "com.apple.product-type.bundle.unit-test";
		};
		6460A03829610D4D00260802 /* wiseSayingUITests */ = {
			isa = PBXNativeTarget;
			buildConfigurationList = 6460A04929610D4D00260802 /* Build configuration list for PBXNativeTarget "wiseSayingUITests" */;
			buildPhases = (
				6460A03529610D4D00260802 /* Sources */,
				6460A03629610D4D00260802 /* Frameworks */,
				6460A03729610D4D00260802 /* Resources */,
			);
			buildRules = (
			);
			dependencies = (
				6460A03B29610D4D00260802 /* PBXTargetDependency */,
			);
			name = wiseSayingUITests;
			productName = wiseSayingUITests;
			productReference = 6460A03929610D4D00260802 /* wiseSayingUITests.xctest */;
			productType = "com.apple.product-type.bundle.ui-testing";
		};
/* End PBXNativeTarget section */

/* Begin PBXProject section */
		6460A00E29610D4C00260802 /* Project object */ = {
			isa = PBXProject;
			attributes = {
				BuildIndependentTargetsInParallel = 1;
				LastSwiftUpdateCheck = 1420;
				LastUpgradeCheck = 1420;
				TargetAttributes = {
					6460A01529610D4C00260802 = {
						CreatedOnToolsVersion = 14.2;
					};
					6460A02E29610D4D00260802 = {
						CreatedOnToolsVersion = 14.2;
						TestTargetID = 6460A01529610D4C00260802;
					};
					6460A03829610D4D00260802 = {
						CreatedOnToolsVersion = 14.2;
						TestTargetID = 6460A01529610D4C00260802;
					};
				};
			};
			buildConfigurationList = 6460A01129610D4C00260802 /* Build configuration list for PBXProject "wiseSaying" */;
			compatibilityVersion = "Xcode 14.0";
			developmentRegion = en;
			hasScannedForEncodings = 0;
			knownRegions = (
				en,
				Base,
			);
			mainGroup = 6460A00D29610D4C00260802;
			productRefGroup = 6460A01729610D4C00260802 /* Products */;
			projectDirPath = "";
			projectRoot = "";
			targets = (
				6460A01529610D4C00260802 /* wiseSaying */,
				6460A02E29610D4D00260802 /* wiseSayingTests */,
				6460A03829610D4D00260802 /* wiseSayingUITests */,
			);
		};
/* End PBXProject section */

/* Begin PBXResourcesBuildPhase section */
		6460A01429610D4C00260802 /* Resources */ = {
			isa = PBXResourcesBuildPhase;
			buildActionMask = 2147483647;
			files = (
				6460A02929610D4D00260802 /* LaunchScreen.storyboard in Resources */,
				6460A02629610D4D00260802 /* Assets.xcassets in Resources */,
				6460A02129610D4C00260802 /* Main.storyboard in Resources */,
			);
			runOnlyForDeploymentPostprocessing = 0;
		};
		6460A02D29610D4D00260802 /* Resources */ = {
			isa = PBXResourcesBuildPhase;
			buildActionMask = 2147483647;
			files = (
			);
			runOnlyForDeploymentPostprocessing = 0;
		};
		6460A03729610D4D00260802 /* Resources */ = {
			isa = PBXResourcesBuildPhase;
			buildActionMask = 2147483647;
			files = (
			);
			runOnlyForDeploymentPostprocessing = 0;
		};
/* End PBXResourcesBuildPhase section */

/* Begin PBXSourcesBuildPhase section */
		6460A01229610D4C00260802 /* Sources */ = {
			isa = PBXSourcesBuildPhase;
			buildActionMask = 2147483647;
			files = (
				6460A01E29610D4C00260802 /* ViewController.swift in Sources */,
				6460A01A29610D4C00260802 /* AppDelegate.swift in Sources */,
				64D52E1F296455C100CFB0AC /* detailWiseSayingViewController.swift in Sources */,
				6460A02429610D4C00260802 /* wiseSaying.xcdatamodeld in Sources */,
				64D52E1D296451CC00CFB0AC /* wishSayingTableViewCell.swift in Sources */,
				6422E0582965A9C70085525A /* wishSayingModel.swift in Sources */,
				6460A01C29610D4C00260802 /* SceneDelegate.swift in Sources */,
				6422E05B2965ABB70085525A /* utils.swift in Sources */,
			);
			runOnlyForDeploymentPostprocessing = 0;
		};
		6460A02B29610D4D00260802 /* Sources */ = {
			isa = PBXSourcesBuildPhase;
			buildActionMask = 2147483647;
			files = (
				6460A03429610D4D00260802 /* wiseSayingTests.swift in Sources */,
			);
			runOnlyForDeploymentPostprocessing = 0;
		};
		6460A03529610D4D00260802 /* Sources */ = {
			isa = PBXSourcesBuildPhase;
			buildActionMask = 2147483647;
			files = (
				6460A03E29610D4D00260802 /* wiseSayingUITests.swift in Sources */,
				6460A04029610D4D00260802 /* wiseSayingUITestsLaunchTests.swift in Sources */,
			);
			runOnlyForDeploymentPostprocessing = 0;
		};
/* End PBXSourcesBuildPhase section */

/* Begin PBXTargetDependency section */
		6460A03129610D4D00260802 /* PBXTargetDependency */ = {
			isa = PBXTargetDependency;
			target = 6460A01529610D4C00260802 /* wiseSaying */;
			targetProxy = 6460A03029610D4D00260802 /* PBXContainerItemProxy */;
		};
		6460A03B29610D4D00260802 /* PBXTargetDependency */ = {
			isa = PBXTargetDependency;
			target = 6460A01529610D4C00260802 /* wiseSaying */;
			targetProxy = 6460A03A29610D4D00260802 /* PBXContainerItemProxy */;
		};
/* End PBXTargetDependency section */

/* Begin PBXVariantGroup section */
		6460A01F29610D4C00260802 /* Main.storyboard */ = {
			isa = PBXVariantGroup;
			children = (
				6460A02029610D4C00260802 /* Base */,
			);
			name = Main.storyboard;
			sourceTree = "<group>";
		};
		6460A02729610D4D00260802 /* LaunchScreen.storyboard */ = {
			isa = PBXVariantGroup;
			children = (
				6460A02829610D4D00260802 /* Base */,
			);
			name = LaunchScreen.storyboard;
			sourceTree = "<group>";
		};
/* End PBXVariantGroup section */

/* Begin XCBuildConfiguration section */
		6460A04129610D4D00260802 /* Debug */ = {
			isa = XCBuildConfiguration;
			buildSettings = {
				ALWAYS_SEARCH_USER_PATHS = NO;
				CLANG_ANALYZER_NONNULL = YES;
				CLANG_ANALYZER_NUMBER_OBJECT_CONVERSION = YES_AGGRESSIVE;
				CLANG_CXX_LANGUAGE_STANDARD = "gnu++20";
				CLANG_ENABLE_MODULES = YES;
				CLANG_ENABLE_OBJC_ARC = YES;
				CLANG_ENABLE_OBJC_WEAK = YES;
				CLANG_WARN_BLOCK_CAPTURE_AUTORELEASING = YES;
				CLANG_WARN_BOOL_CONVERSION = YES;
				CLANG_WARN_COMMA = YES;
				CLANG_WARN_CONSTANT_CONVERSION = YES;
				CLANG_WARN_DEPRECATED_OBJC_IMPLEMENTATIONS = YES;
				CLANG_WARN_DIRECT_OBJC_ISA_USAGE = YES_ERROR;
				CLANG_WARN_DOCUMENTATION_COMMENTS = YES;
				CLANG_WARN_EMPTY_BODY = YES;
				CLANG_WARN_ENUM_CONVERSION = YES;
				CLANG_WARN_INFINITE_RECURSION = YES;
				CLANG_WARN_INT_CONVERSION = YES;
				CLANG_WARN_NON_LITERAL_NULL_CONVERSION = YES;
				CLANG_WARN_OBJC_IMPLICIT_RETAIN_SELF = YES;
				CLANG_WARN_OBJC_LITERAL_CONVERSION = YES;
				CLANG_WARN_OBJC_ROOT_CLASS = YES_ERROR;
				CLANG_WARN_QUOTED_INCLUDE_IN_FRAMEWORK_HEADER = YES;
				CLANG_WARN_RANGE_LOOP_ANALYSIS = YES;
				CLANG_WARN_STRICT_PROTOTYPES = YES;
				CLANG_WARN_SUSPICIOUS_MOVE = YES;
				CLANG_WARN_UNGUARDED_AVAILABILITY = YES_AGGRESSIVE;
				CLANG_WARN_UNREACHABLE_CODE = YES;
				CLANG_WARN__DUPLICATE_METHOD_MATCH = YES;
				COPY_PHASE_STRIP = NO;
				DEBUG_INFORMATION_FORMAT = dwarf;
				ENABLE_STRICT_OBJC_MSGSEND = YES;
				ENABLE_TESTABILITY = YES;
				GCC_C_LANGUAGE_STANDARD = gnu11;
				GCC_DYNAMIC_NO_PIC = NO;
				GCC_NO_COMMON_BLOCKS = YES;
				GCC_OPTIMIZATION_LEVEL = 0;
				GCC_PREPROCESSOR_DEFINITIONS = (
					"DEBUG=1",
					"$(inherited)",
				);
				GCC_WARN_64_TO_32_BIT_CONVERSION = YES;
				GCC_WARN_ABOUT_RETURN_TYPE = YES_ERROR;
				GCC_WARN_UNDECLARED_SELECTOR = YES;
				GCC_WARN_UNINITIALIZED_AUTOS = YES_AGGRESSIVE;
				GCC_WARN_UNUSED_FUNCTION = YES;
				GCC_WARN_UNUSED_VARIABLE = YES;
				IPHONEOS_DEPLOYMENT_TARGET = 16.2;
				MTL_ENABLE_DEBUG_INFO = INCLUDE_SOURCE;
				MTL_FAST_MATH = YES;
				ONLY_ACTIVE_ARCH = YES;
				SDKROOT = iphoneos;
				SWIFT_ACTIVE_COMPILATION_CONDITIONS = DEBUG;
				SWIFT_OPTIMIZATION_LEVEL = "-Onone";
			};
			name = Debug;
		};
		6460A04229610D4D00260802 /* Release */ = {
			isa = XCBuildConfiguration;
			buildSettings = {
				ALWAYS_SEARCH_USER_PATHS = NO;
				CLANG_ANALYZER_NONNULL = YES;
				CLANG_ANALYZER_NUMBER_OBJECT_CONVERSION = YES_AGGRESSIVE;
				CLANG_CXX_LANGUAGE_STANDARD = "gnu++20";
				CLANG_ENABLE_MODULES = YES;
				CLANG_ENABLE_OBJC_ARC = YES;
				CLANG_ENABLE_OBJC_WEAK = YES;
				CLANG_WARN_BLOCK_CAPTURE_AUTORELEASING = YES;
				CLANG_WARN_BOOL_CONVERSION = YES;
				CLANG_WARN_COMMA = YES;
				CLANG_WARN_CONSTANT_CONVERSION = YES;
				CLANG_WARN_DEPRECATED_OBJC_IMPLEMENTATIONS = YES;
				CLANG_WARN_DIRECT_OBJC_ISA_USAGE = YES_ERROR;
				CLANG_WARN_DOCUMENTATION_COMMENTS = YES;
				CLANG_WARN_EMPTY_BODY = YES;
				CLANG_WARN_ENUM_CONVERSION = YES;
				CLANG_WARN_INFINITE_RECURSION = YES;
				CLANG_WARN_INT_CONVERSION = YES;
				CLANG_WARN_NON_LITERAL_NULL_CONVERSION = YES;
				CLANG_WARN_OBJC_IMPLICIT_RETAIN_SELF = YES;
				CLANG_WARN_OBJC_LITERAL_CONVERSION = YES;
				CLANG_WARN_OBJC_ROOT_CLASS = YES_ERROR;
				CLANG_WARN_QUOTED_INCLUDE_IN_FRAMEWORK_HEADER = YES;
				CLANG_WARN_RANGE_LOOP_ANALYSIS = YES;
				CLANG_WARN_STRICT_PROTOTYPES = YES;
				CLANG_WARN_SUSPICIOUS_MOVE = YES;
				CLANG_WARN_UNGUARDED_AVAILABILITY = YES_AGGRESSIVE;
				CLANG_WARN_UNREACHABLE_CODE = YES;
				CLANG_WARN__DUPLICATE_METHOD_MATCH = YES;
				COPY_PHASE_STRIP = NO;
				DEBUG_INFORMATION_FORMAT = "dwarf-with-dsym";
				ENABLE_NS_ASSERTIONS = NO;
				ENABLE_STRICT_OBJC_MSGSEND = YES;
				GCC_C_LANGUAGE_STANDARD = gnu11;
				GCC_NO_COMMON_BLOCKS = YES;
				GCC_WARN_64_TO_32_BIT_CONVERSION = YES;
				GCC_WARN_ABOUT_RETURN_TYPE = YES_ERROR;
				GCC_WARN_UNDECLARED_SELECTOR = YES;
				GCC_WARN_UNINITIALIZED_AUTOS = YES_AGGRESSIVE;
				GCC_WARN_UNUSED_FUNCTION = YES;
				GCC_WARN_UNUSED_VARIABLE = YES;
				IPHONEOS_DEPLOYMENT_TARGET = 16.2;
				MTL_ENABLE_DEBUG_INFO = NO;
				MTL_FAST_MATH = YES;
				SDKROOT = iphoneos;
				SWIFT_COMPILATION_MODE = wholemodule;
				SWIFT_OPTIMIZATION_LEVEL = "-O";
				VALIDATE_PRODUCT = YES;
			};
			name = Release;
		};
		6460A04429610D4D00260802 /* Debug */ = {
			isa = XCBuildConfiguration;
			buildSettings = {
				ASSETCATALOG_COMPILER_APPICON_NAME = AppIcon;
				ASSETCATALOG_COMPILER_GLOBAL_ACCENT_COLOR_NAME = AccentColor;
				CODE_SIGN_STYLE = Automatic;
				CURRENT_PROJECT_VERSION = 1;
				DEVELOPMENT_TEAM = 9LN2PWLY8A;
				GENERATE_INFOPLIST_FILE = YES;
				INFOPLIST_FILE = wiseSaying/Info.plist;
				INFOPLIST_KEY_UIApplicationSupportsIndirectInputEvents = YES;
				INFOPLIST_KEY_UILaunchStoryboardName = LaunchScreen;
				INFOPLIST_KEY_UIMainStoryboardFile = Main;
				INFOPLIST_KEY_UISupportedInterfaceOrientations_iPad = "UIInterfaceOrientationPortrait UIInterfaceOrientationPortraitUpsideDown UIInterfaceOrientationLandscapeLeft UIInterfaceOrientationLandscapeRight";
				INFOPLIST_KEY_UISupportedInterfaceOrientations_iPhone = "UIInterfaceOrientationPortrait UIInterfaceOrientationLandscapeLeft UIInterfaceOrientationLandscapeRight";
				LD_RUNPATH_SEARCH_PATHS = (
					"$(inherited)",
					"@executable_path/Frameworks",
				);
				MARKETING_VERSION = 1.0;
				PRODUCT_BUNDLE_IDENTIFIER = alwns28.wiseSaying;
				PRODUCT_NAME = "$(TARGET_NAME)";
				SWIFT_EMIT_LOC_STRINGS = YES;
				SWIFT_VERSION = 5.0;
				TARGETED_DEVICE_FAMILY = "1,2";
			};
			name = Debug;
		};
		6460A04529610D4D00260802 /* Release */ = {
			isa = XCBuildConfiguration;
			buildSettings = {
				ASSETCATALOG_COMPILER_APPICON_NAME = AppIcon;
				ASSETCATALOG_COMPILER_GLOBAL_ACCENT_COLOR_NAME = AccentColor;
				CODE_SIGN_STYLE = Automatic;
				CURRENT_PROJECT_VERSION = 1;
				DEVELOPMENT_TEAM = 9LN2PWLY8A;
				GENERATE_INFOPLIST_FILE = YES;
				INFOPLIST_FILE = wiseSaying/Info.plist;
				INFOPLIST_KEY_UIApplicationSupportsIndirectInputEvents = YES;
				INFOPLIST_KEY_UILaunchStoryboardName = LaunchScreen;
				INFOPLIST_KEY_UIMainStoryboardFile = Main;
				INFOPLIST_KEY_UISupportedInterfaceOrientations_iPad = "UIInterfaceOrientationPortrait UIInterfaceOrientationPortraitUpsideDown UIInterfaceOrientationLandscapeLeft UIInterfaceOrientationLandscapeRight";
				INFOPLIST_KEY_UISupportedInterfaceOrientations_iPhone = "UIInterfaceOrientationPortrait UIInterfaceOrientationLandscapeLeft UIInterfaceOrientationLandscapeRight";
				LD_RUNPATH_SEARCH_PATHS = (
					"$(inherited)",
					"@executable_path/Frameworks",
				);
				MARKETING_VERSION = 1.0;
				PRODUCT_BUNDLE_IDENTIFIER = alwns28.wiseSaying;
				PRODUCT_NAME = "$(TARGET_NAME)";
				SWIFT_EMIT_LOC_STRINGS = YES;
				SWIFT_VERSION = 5.0;
				TARGETED_DEVICE_FAMILY = "1,2";
			};
			name = Release;
		};
		6460A04729610D4D00260802 /* Debug */ = {
			isa = XCBuildConfiguration;
			buildSettings = {
				ALWAYS_EMBED_SWIFT_STANDARD_LIBRARIES = YES;
				BUNDLE_LOADER = "$(TEST_HOST)";
				CODE_SIGN_STYLE = Automatic;
				CURRENT_PROJECT_VERSION = 1;
				DEVELOPMENT_TEAM = 9LN2PWLY8A;
				GENERATE_INFOPLIST_FILE = YES;
				IPHONEOS_DEPLOYMENT_TARGET = 16.2;
				MARKETING_VERSION = 1.0;
				PRODUCT_BUNDLE_IDENTIFIER = alwns28.wiseSayingTests;
				PRODUCT_NAME = "$(TARGET_NAME)";
				SWIFT_EMIT_LOC_STRINGS = NO;
				SWIFT_VERSION = 5.0;
				TARGETED_DEVICE_FAMILY = "1,2";
				TEST_HOST = "$(BUILT_PRODUCTS_DIR)/wiseSaying.app/$(BUNDLE_EXECUTABLE_FOLDER_PATH)/wiseSaying";
			};
			name = Debug;
		};
		6460A04829610D4D00260802 /* Release */ = {
			isa = XCBuildConfiguration;
			buildSettings = {
				ALWAYS_EMBED_SWIFT_STANDARD_LIBRARIES = YES;
				BUNDLE_LOADER = "$(TEST_HOST)";
				CODE_SIGN_STYLE = Automatic;
				CURRENT_PROJECT_VERSION = 1;
				DEVELOPMENT_TEAM = 9LN2PWLY8A;
				GENERATE_INFOPLIST_FILE = YES;
				IPHONEOS_DEPLOYMENT_TARGET = 16.2;
				MARKETING_VERSION = 1.0;
				PRODUCT_BUNDLE_IDENTIFIER = alwns28.wiseSayingTests;
				PRODUCT_NAME = "$(TARGET_NAME)";
				SWIFT_EMIT_LOC_STRINGS = NO;
				SWIFT_VERSION = 5.0;
				TARGETED_DEVICE_FAMILY = "1,2";
				TEST_HOST = "$(BUILT_PRODUCTS_DIR)/wiseSaying.app/$(BUNDLE_EXECUTABLE_FOLDER_PATH)/wiseSaying";
			};
			name = Release;
		};
		6460A04A29610D4D00260802 /* Debug */ = {
			isa = XCBuildConfiguration;
			buildSettings = {
				ALWAYS_EMBED_SWIFT_STANDARD_LIBRARIES = YES;
				CODE_SIGN_STYLE = Automatic;
				CURRENT_PROJECT_VERSION = 1;
				DEVELOPMENT_TEAM = 9LN2PWLY8A;
				GENERATE_INFOPLIST_FILE = YES;
				MARKETING_VERSION = 1.0;
				PRODUCT_BUNDLE_IDENTIFIER = alwns28.wiseSayingUITests;
				PRODUCT_NAME = "$(TARGET_NAME)";
				SWIFT_EMIT_LOC_STRINGS = NO;
				SWIFT_VERSION = 5.0;
				TARGETED_DEVICE_FAMILY = "1,2";
				TEST_TARGET_NAME = wiseSaying;
			};
			name = Debug;
		};
		6460A04B29610D4D00260802 /* Release */ = {
			isa = XCBuildConfiguration;
			buildSettings = {
				ALWAYS_EMBED_SWIFT_STANDARD_LIBRARIES = YES;
				CODE_SIGN_STYLE = Automatic;
				CURRENT_PROJECT_VERSION = 1;
				DEVELOPMENT_TEAM = 9LN2PWLY8A;
				GENERATE_INFOPLIST_FILE = YES;
				MARKETING_VERSION = 1.0;
				PRODUCT_BUNDLE_IDENTIFIER = alwns28.wiseSayingUITests;
				PRODUCT_NAME = "$(TARGET_NAME)";
				SWIFT_EMIT_LOC_STRINGS = NO;
				SWIFT_VERSION = 5.0;
				TARGETED_DEVICE_FAMILY = "1,2";
				TEST_TARGET_NAME = wiseSaying;
			};
			name = Release;
		};
/* End XCBuildConfiguration section */

/* Begin XCConfigurationList section */
		6460A01129610D4C00260802 /* Build configuration list for PBXProject "wiseSaying" */ = {
			isa = XCConfigurationList;
			buildConfigurations = (
				6460A04129610D4D00260802 /* Debug */,
				6460A04229610D4D00260802 /* Release */,
			);
			defaultConfigurationIsVisible = 0;
			defaultConfigurationName = Release;
		};
		6460A04329610D4D00260802 /* Build configuration list for PBXNativeTarget "wiseSaying" */ = {
			isa = XCConfigurationList;
			buildConfigurations = (
				6460A04429610D4D00260802 /* Debug */,
				6460A04529610D4D00260802 /* Release */,
			);
			defaultConfigurationIsVisible = 0;
			defaultConfigurationName = Release;
		};
		6460A04629610D4D00260802 /* Build configuration list for PBXNativeTarget "wiseSayingTests" */ = {
			isa = XCConfigurationList;
			buildConfigurations = (
				6460A04729610D4D00260802 /* Debug */,
				6460A04829610D4D00260802 /* Release */,
			);
			defaultConfigurationIsVisible = 0;
			defaultConfigurationName = Release;
		};
		6460A04929610D4D00260802 /* Build configuration list for PBXNativeTarget "wiseSayingUITests" */ = {
			isa = XCConfigurationList;
			buildConfigurations = (
				6460A04A29610D4D00260802 /* Debug */,
				6460A04B29610D4D00260802 /* Release */,
			);
			defaultConfigurationIsVisible = 0;
			defaultConfigurationName = Release;
		};
/* End XCConfigurationList section */

/* Begin XCVersionGroup section */
		6460A02229610D4C00260802 /* wiseSaying.xcdatamodeld */ = {
			isa = XCVersionGroup;
			children = (
				6460A02329610D4C00260802 /* wiseSaying.xcdatamodel */,
			);
			currentVersion = 6460A02329610D4C00260802 /* wiseSaying.xcdatamodel */;
			path = wiseSaying.xcdatamodeld;
			sourceTree = "<group>";
			versionGroupType = wrapper.xcdatamodel;
		};
/* End XCVersionGroup section */
	};
	rootObject = 6460A00E29610D4C00260802 /* Project object */;
}
